
Microsoft Visual Studio Solution File, Format Version 12.00
# Visual Studio Version 17
VisualStudioVersion = 17.5.002.0
MinimumVisualStudioVersion = 10.0.40219.1
Project("{9A19103F-16F7-4668-BE54-9A1E7A4F7556}") = "moviebackend", "moviebackend.csproj", "{6162FA93-5CD3-473F-9DF6-C6796A1228BF}"
EndProject
Global
	GlobalSection(SolutionConfigurationPlatforms) = preSolution
		Debug|Any CPU = Debug|Any CPU
		Release|Any CPU = Release|Any CPU
	EndGlobalSection
	GlobalSection(ProjectConfigurationPlatforms) = postSolution
		{6162FA93-5CD3-473F-9DF6-C6796A1228BF}.Debug|Any CPU.ActiveCfg = Debug|Any CPU
		{6162FA93-5CD3-473F-9DF6-C6796A1228BF}.Debug|Any CPU.Build.0 = Debug|Any CPU
		{6162FA93-5CD3-473F-9DF6-C6796A1228BF}.Release|Any CPU.ActiveCfg = Release|Any CPU
		{6162FA93-5CD3-473F-9DF6-C6796A1228BF}.Release|Any CPU.Build.0 = Release|Any CPU
	EndGlobalSection
	GlobalSection(SolutionProperties) = preSolution
		HideSolutionNode = FALSE
	EndGlobalSection
	GlobalSection(ExtensibilityGlobals) = postSolution
		SolutionGuid = {F64A1EE5-238A-47B5-89BF-BCA6D0526739}
	EndGlobalSection
EndGlobal
